
Microsoft Visual Studio Solution File, Format Version 12.00
# Visual Studio Version 16
VisualStudioVersion = 16.0.29519.87
MinimumVisualStudioVersion = 10.0.40219.1
Project("{9A19103F-16F7-4668-BE54-9A1E7A4F7556}") = "BerlinClock.Tests", "BerlinClock.Tests\BerlinClock.Tests.csproj", "{AE1BA10E-817A-4E9C-975F-E2CF0889D330}"
EndProject
Project("{FAE04EC0-301F-11D3-BF4B-00C04F79EFBC}") = "BerlinClock", "BerlinClock\BerlinClock.csproj", "{0451204D-BF86-43E1-B560-FC9AC830B9A9}"
EndProject
Global
	GlobalSection(SolutionConfigurationPlatforms) = preSolution
		Debug|Any CPU = Debug|Any CPU
		Release|Any CPU = Release|Any CPU
	EndGlobalSection
	GlobalSection(ProjectConfigurationPlatforms) = postSolution
		{AE1BA10E-817A-4E9C-975F-E2CF0889D330}.Debug|Any CPU.ActiveCfg = Debug|Any CPU
		{AE1BA10E-817A-4E9C-975F-E2CF0889D330}.Debug|Any CPU.Build.0 = Debug|Any CPU
		{AE1BA10E-817A-4E9C-975F-E2CF0889D330}.Release|Any CPU.ActiveCfg = Release|Any CPU
		{AE1BA10E-817A-4E9C-975F-E2CF0889D330}.Release|Any CPU.Build.0 = Release|Any CPU
		{0451204D-BF86-43E1-B560-FC9AC830B9A9}.Debug|Any CPU.ActiveCfg = Debug|Any CPU
		{0451204D-BF86-43E1-B560-FC9AC830B9A9}.Debug|Any CPU.Build.0 = Debug|Any CPU
		{0451204D-BF86-43E1-B560-FC9AC830B9A9}.Release|Any CPU.ActiveCfg = Release|Any CPU
		{0451204D-BF86-43E1-B560-FC9AC830B9A9}.Release|Any CPU.Build.0 = Release|Any CPU
	EndGlobalSection
	GlobalSection(SolutionProperties) = preSolution
		HideSolutionNode = FALSE
	EndGlobalSection
	GlobalSection(ExtensibilityGlobals) = postSolution
		SolutionGuid = {3673DB82-BFFE-476E-91DC-51162F73E304}
	EndGlobalSection
EndGlobal
